
Microsoft Visual Studio Solution File, Format Version 12.00
# Visual Studio Version 17
VisualStudioVersion = 17.9.34728.123
MinimumVisualStudioVersion = 10.0.40219.1
Project("{9A19103F-16F7-4668-BE54-9A1E7A4F7556}") = "ChatAppli", "ChatAppli.csproj", "{202D816B-5675-4A47-883B-709DA5C5A899}"
EndProject
Project("{9A19103F-16F7-4668-BE54-9A1E7A4F7556}") = "ChatClientServer", "..\ChatClientServer\ChatClientServer.csproj", "{F9C43229-8AC3-43A5-BEF9-27076DC87CB4}"
EndProject
Project("{9A19103F-16F7-4668-BE54-9A1E7A4F7556}") = "ChatClientApp", "..\ChatClientApp\ChatClientApp.csproj", "{58EA262F-6E3F-4CEC-9431-EBF9E774745D}"
EndProject
Project("{FAE04EC0-301F-11D3-BF4B-00C04F79EFBC}") = "ChatClientApp1", "..\ChatClientApp1\ChatClientApp1.csproj", "{B7CBA777-4C96-4DDE-A4C4-445C29D5AAA7}"
EndProject
Global
	GlobalSection(SolutionConfigurationPlatforms) = preSolution
		Debug|Any CPU = Debug|Any CPU
		Release|Any CPU = Release|Any CPU
	EndGlobalSection
	GlobalSection(ProjectConfigurationPlatforms) = postSolution
		{202D816B-5675-4A47-883B-709DA5C5A899}.Debug|Any CPU.ActiveCfg = Debug|Any CPU
		{202D816B-5675-4A47-883B-709DA5C5A899}.Debug|Any CPU.Build.0 = Debug|Any CPU
		{202D816B-5675-4A47-883B-709DA5C5A899}.Release|Any CPU.ActiveCfg = Release|Any CPU
		{202D816B-5675-4A47-883B-709DA5C5A899}.Release|Any CPU.Build.0 = Release|Any CPU
		{F9C43229-8AC3-43A5-BEF9-27076DC87CB4}.Debug|Any CPU.ActiveCfg = Debug|Any CPU
		{F9C43229-8AC3-43A5-BEF9-27076DC87CB4}.Debug|Any CPU.Build.0 = Debug|Any CPU
		{F9C43229-8AC3-43A5-BEF9-27076DC87CB4}.Release|Any CPU.ActiveCfg = Release|Any CPU
		{F9C43229-8AC3-43A5-BEF9-27076DC87CB4}.Release|Any CPU.Build.0 = Release|Any CPU
		{58EA262F-6E3F-4CEC-9431-EBF9E774745D}.Debug|Any CPU.ActiveCfg = Debug|Any CPU
		{58EA262F-6E3F-4CEC-9431-EBF9E774745D}.Debug|Any CPU.Build.0 = Debug|Any CPU
		{58EA262F-6E3F-4CEC-9431-EBF9E774745D}.Release|Any CPU.ActiveCfg = Release|Any CPU
		{58EA262F-6E3F-4CEC-9431-EBF9E774745D}.Release|Any CPU.Build.0 = Release|Any CPU
		{B7CBA777-4C96-4DDE-A4C4-445C29D5AAA7}.Debug|Any CPU.ActiveCfg = Debug|Any CPU
		{B7CBA777-4C96-4DDE-A4C4-445C29D5AAA7}.Debug|Any CPU.Build.0 = Debug|Any CPU
		{B7CBA777-4C96-4DDE-A4C4-445C29D5AAA7}.Release|Any CPU.ActiveCfg = Release|Any CPU
		{B7CBA777-4C96-4DDE-A4C4-445C29D5AAA7}.Release|Any CPU.Build.0 = Release|Any CPU
	EndGlobalSection
	GlobalSection(SolutionProperties) = preSolution
		HideSolutionNode = FALSE
	EndGlobalSection
	GlobalSection(ExtensibilityGlobals) = postSolution
		SolutionGuid = {CECDA99F-4680-4980-A1DE-7B71DAA74501}
	EndGlobalSection
EndGlobal
